
Microsoft Visual Studio Solution File, Format Version 12.00
# Visual Studio Version 17
VisualStudioVersion = 17.7.34031.279
MinimumVisualStudioVersion = 10.0.40219.1
Project("{FAE04EC0-301F-11D3-BF4B-00C04F79EFBC}") = "NopCommerceApp", "NopCommerceApp\NopCommerceApp.csproj", "{2A463A5F-DBCE-4003-BDC7-4FBE057D7553}"
EndProject
Project("{FAE04EC0-301F-11D3-BF4B-00C04F79EFBC}") = "Libraries", "Libraries\Libraries.csproj", "{E4EEEA32-1ACA-4B77-9F3F-DAF5E153B2C8}"
EndProject
Global
	GlobalSection(SolutionConfigurationPlatforms) = preSolution
		Debug|Any CPU = Debug|Any CPU
		Release|Any CPU = Release|Any CPU
	EndGlobalSection
	GlobalSection(ProjectConfigurationPlatforms) = postSolution
		{2A463A5F-DBCE-4003-BDC7-4FBE057D7553}.Debug|Any CPU.ActiveCfg = Debug|Any CPU
		{2A463A5F-DBCE-4003-BDC7-4FBE057D7553}.Debug|Any CPU.Build.0 = Debug|Any CPU
		{2A463A5F-DBCE-4003-BDC7-4FBE057D7553}.Release|Any CPU.ActiveCfg = Release|Any CPU
		{2A463A5F-DBCE-4003-BDC7-4FBE057D7553}.Release|Any CPU.Build.0 = Release|Any CPU
		{E4EEEA32-1ACA-4B77-9F3F-DAF5E153B2C8}.Debug|Any CPU.ActiveCfg = Debug|Any CPU
		{E4EEEA32-1ACA-4B77-9F3F-DAF5E153B2C8}.Debug|Any CPU.Build.0 = Debug|Any CPU
		{E4EEEA32-1ACA-4B77-9F3F-DAF5E153B2C8}.Release|Any CPU.ActiveCfg = Release|Any CPU
		{E4EEEA32-1ACA-4B77-9F3F-DAF5E153B2C8}.Release|Any CPU.Build.0 = Release|Any CPU
	EndGlobalSection
	GlobalSection(SolutionProperties) = preSolution
		HideSolutionNode = FALSE
	EndGlobalSection
	GlobalSection(ExtensibilityGlobals) = postSolution
		SolutionGuid = {6F035079-3A3E-4F61-8A4E-986020B2932A}
	EndGlobalSection
EndGlobal
